
Microsoft Visual Studio Solution File, Format Version 12.00
# Visual Studio 15
VisualStudioVersion = 15.0.28307.1062
MinimumVisualStudioVersion = 10.0.40219.1
Project("{9A19103F-16F7-4668-BE54-9A1E7A4F7556}") = "WebApiEFCoreAngular", "WebApiLearningAngular\WebApiEFCoreAngular.csproj", "{A9E54191-0E60-480D-8F1E-C2F807505814}"
EndProject
Global
	GlobalSection(SolutionConfigurationPlatforms) = preSolution
		Debug|Any CPU = Debug|Any CPU
		Release|Any CPU = Release|Any CPU
	EndGlobalSection
	GlobalSection(ProjectConfigurationPlatforms) = postSolution
		{A9E54191-0E60-480D-8F1E-C2F807505814}.Debug|Any CPU.ActiveCfg = Debug|Any CPU
		{A9E54191-0E60-480D-8F1E-C2F807505814}.Debug|Any CPU.Build.0 = Debug|Any CPU
		{A9E54191-0E60-480D-8F1E-C2F807505814}.Release|Any CPU.ActiveCfg = Release|Any CPU
		{A9E54191-0E60-480D-8F1E-C2F807505814}.Release|Any CPU.Build.0 = Release|Any CPU
	EndGlobalSection
	GlobalSection(SolutionProperties) = preSolution
		HideSolutionNode = FALSE
	EndGlobalSection
	GlobalSection(ExtensibilityGlobals) = postSolution
		SolutionGuid = {FBB2C6CE-27E0-47EA-AD65-39242689532B}
	EndGlobalSection
EndGlobal
